
Microsoft Visual Studio Solution File, Format Version 12.00
# Visual Studio Version 17
VisualStudioVersion = 17.2.32519.379
MinimumVisualStudioVersion = 10.0.40219.1
Project("{9A19103F-16F7-4668-BE54-9A1E7A4F7556}") = "UnoDos", "CardDeck\UnoDos.csproj", "{E755D53B-509A-4C9C-986A-10B811E94DD1}"
EndProject
Project("{9A19103F-16F7-4668-BE54-9A1E7A4F7556}") = "UnoDosTest", "UnoDosTest\UnoDosTest.csproj", "{42A66A8D-1711-448B-BCD1-C3B1E83BAA2B}"
EndProject
Global
	GlobalSection(SolutionConfigurationPlatforms) = preSolution
		Debug|Any CPU = Debug|Any CPU
		Release|Any CPU = Release|Any CPU
	EndGlobalSection
	GlobalSection(ProjectConfigurationPlatforms) = postSolution
		{E755D53B-509A-4C9C-986A-10B811E94DD1}.Debug|Any CPU.ActiveCfg = Debug|Any CPU
		{E755D53B-509A-4C9C-986A-10B811E94DD1}.Debug|Any CPU.Build.0 = Debug|Any CPU
		{E755D53B-509A-4C9C-986A-10B811E94DD1}.Release|Any CPU.ActiveCfg = Release|Any CPU
		{E755D53B-509A-4C9C-986A-10B811E94DD1}.Release|Any CPU.Build.0 = Release|Any CPU
		{42A66A8D-1711-448B-BCD1-C3B1E83BAA2B}.Debug|Any CPU.ActiveCfg = Debug|Any CPU
		{42A66A8D-1711-448B-BCD1-C3B1E83BAA2B}.Debug|Any CPU.Build.0 = Debug|Any CPU
		{42A66A8D-1711-448B-BCD1-C3B1E83BAA2B}.Release|Any CPU.ActiveCfg = Release|Any CPU
		{42A66A8D-1711-448B-BCD1-C3B1E83BAA2B}.Release|Any CPU.Build.0 = Release|Any CPU
	EndGlobalSection
	GlobalSection(SolutionProperties) = preSolution
		HideSolutionNode = FALSE
	EndGlobalSection
	GlobalSection(ExtensibilityGlobals) = postSolution
		SolutionGuid = {5BDDDDBA-C079-4CDC-BBAD-FF3A7FF28E35}
	EndGlobalSection
EndGlobal
